
Microsoft Visual Studio Solution File, Format Version 12.00
# Visual Studio Express 2012 for Web
Project("{FAE04EC0-301F-11D3-BF4B-00C04F79EFBC}") = "WebSite", "WebSite.csproj", "{B0674EED-585D-4C0D-85A4-21D0909F4601}"
EndProject
Global
	GlobalSection(SolutionConfigurationPlatforms) = preSolution
		Debug|Any CPU = Debug|Any CPU
		Release|Any CPU = Release|Any CPU
	EndGlobalSection
	GlobalSection(ProjectConfigurationPlatforms) = postSolution
		{B0674EED-585D-4C0D-85A4-21D0909F4601}.Debug|Any CPU.ActiveCfg = Debug|Any CPU
		{B0674EED-585D-4C0D-85A4-21D0909F4601}.Debug|Any CPU.Build.0 = Debug|Any CPU
		{B0674EED-585D-4C0D-85A4-21D0909F4601}.Release|Any CPU.ActiveCfg = Release|Any CPU
		{B0674EED-585D-4C0D-85A4-21D0909F4601}.Release|Any CPU.Build.0 = Release|Any CPU
	EndGlobalSection
	GlobalSection(SolutionProperties) = preSolution
		HideSolutionNode = FALSE
	EndGlobalSection
EndGlobal
